
Microsoft Visual Studio Solution File, Format Version 12.00
# Visual Studio Version 17
VisualStudioVersion = 17.4.33213.308
MinimumVisualStudioVersion = 10.0.40219.1
Project("{FAE04EC0-301F-11D3-BF4B-00C04F79EFBC}") = "C1FlexGrid452BorderPainter", "C1FlexGrid452BorderPainter\C1FlexGrid452BorderPainter.csproj", "{78977105-FD3E-4AFE-AAA8-2019A15844CF}"
EndProject
Project("{FAE04EC0-301F-11D3-BF4B-00C04F79EFBC}") = "C1FlexGrid452CopyOffice", "C1FlexGrid452CopyOffice\C1FlexGrid452CopyOffice.csproj", "{E05BD770-4BFF-4BC6-B30B-9435ED46E2EE}"
EndProject
Project("{FAE04EC0-301F-11D3-BF4B-00C04F79EFBC}") = "C1FlexGrid452StyleHandler", "C1FlexGrid452StyleHandler\C1FlexGrid452StyleHandler.csproj", "{25EEEE55-287F-4346-B422-00EE35FBAD0D}"
EndProject
Project("{9A19103F-16F7-4668-BE54-9A1E7A4F7556}") = "C1FlexGrid6BorderPainter", "C1FlexGrid6BorderPainter\C1FlexGrid6BorderPainter.csproj", "{3349CE3D-3A0B-42C4-9958-3EF684AAB848}"
EndProject
Project("{9A19103F-16F7-4668-BE54-9A1E7A4F7556}") = "C1FlexGrid6CopyOffice", "C1FlexGrid6CopyOffice\C1FlexGrid6CopyOffice.csproj", "{A2E4C9C9-30EC-4FF2-8610-0C4A5CDCF70E}"
EndProject
Project("{9A19103F-16F7-4668-BE54-9A1E7A4F7556}") = "C1FlexGrid6StyleHandler", "C1FlexGrid6StyleHandler\C1FlexGrid6StyleHandler.csproj", "{37F34521-AE6E-43C0-B7CF-0FC00465DD1F}"
EndProject
Project("{9A19103F-16F7-4668-BE54-9A1E7A4F7556}") = "C1FlexGrid6CalendarSheet", "C1FlexGrid6CalendarSheet\C1FlexGrid6CalendarSheet.csproj", "{70720D2B-35CA-40C6-9F85-3195090B01FB}"
EndProject
Global
	GlobalSection(SolutionConfigurationPlatforms) = preSolution
		Debug|Any CPU = Debug|Any CPU
		Release|Any CPU = Release|Any CPU
	EndGlobalSection
	GlobalSection(ProjectConfigurationPlatforms) = postSolution
		{78977105-FD3E-4AFE-AAA8-2019A15844CF}.Debug|Any CPU.ActiveCfg = Debug|Any CPU
		{78977105-FD3E-4AFE-AAA8-2019A15844CF}.Debug|Any CPU.Build.0 = Debug|Any CPU
		{78977105-FD3E-4AFE-AAA8-2019A15844CF}.Release|Any CPU.ActiveCfg = Release|Any CPU
		{78977105-FD3E-4AFE-AAA8-2019A15844CF}.Release|Any CPU.Build.0 = Release|Any CPU
		{E05BD770-4BFF-4BC6-B30B-9435ED46E2EE}.Debug|Any CPU.ActiveCfg = Debug|Any CPU
		{E05BD770-4BFF-4BC6-B30B-9435ED46E2EE}.Debug|Any CPU.Build.0 = Debug|Any CPU
		{E05BD770-4BFF-4BC6-B30B-9435ED46E2EE}.Release|Any CPU.ActiveCfg = Release|Any CPU
		{E05BD770-4BFF-4BC6-B30B-9435ED46E2EE}.Release|Any CPU.Build.0 = Release|Any CPU
		{25EEEE55-287F-4346-B422-00EE35FBAD0D}.Debug|Any CPU.ActiveCfg = Debug|Any CPU
		{25EEEE55-287F-4346-B422-00EE35FBAD0D}.Debug|Any CPU.Build.0 = Debug|Any CPU
		{25EEEE55-287F-4346-B422-00EE35FBAD0D}.Release|Any CPU.ActiveCfg = Release|Any CPU
		{25EEEE55-287F-4346-B422-00EE35FBAD0D}.Release|Any CPU.Build.0 = Release|Any CPU
		{3349CE3D-3A0B-42C4-9958-3EF684AAB848}.Debug|Any CPU.ActiveCfg = Debug|Any CPU
		{3349CE3D-3A0B-42C4-9958-3EF684AAB848}.Debug|Any CPU.Build.0 = Debug|Any CPU
		{3349CE3D-3A0B-42C4-9958-3EF684AAB848}.Release|Any CPU.ActiveCfg = Release|Any CPU
		{3349CE3D-3A0B-42C4-9958-3EF684AAB848}.Release|Any CPU.Build.0 = Release|Any CPU
		{A2E4C9C9-30EC-4FF2-8610-0C4A5CDCF70E}.Debug|Any CPU.ActiveCfg = Debug|Any CPU
		{A2E4C9C9-30EC-4FF2-8610-0C4A5CDCF70E}.Debug|Any CPU.Build.0 = Debug|Any CPU
		{A2E4C9C9-30EC-4FF2-8610-0C4A5CDCF70E}.Release|Any CPU.ActiveCfg = Release|Any CPU
		{A2E4C9C9-30EC-4FF2-8610-0C4A5CDCF70E}.Release|Any CPU.Build.0 = Release|Any CPU
		{37F34521-AE6E-43C0-B7CF-0FC00465DD1F}.Debug|Any CPU.ActiveCfg = Debug|Any CPU
		{37F34521-AE6E-43C0-B7CF-0FC00465DD1F}.Debug|Any CPU.Build.0 = Debug|Any CPU
		{37F34521-AE6E-43C0-B7CF-0FC00465DD1F}.Release|Any CPU.ActiveCfg = Release|Any CPU
		{37F34521-AE6E-43C0-B7CF-0FC00465DD1F}.Release|Any CPU.Build.0 = Release|Any CPU
		{70720D2B-35CA-40C6-9F85-3195090B01FB}.Debug|Any CPU.ActiveCfg = Debug|Any CPU
		{70720D2B-35CA-40C6-9F85-3195090B01FB}.Debug|Any CPU.Build.0 = Debug|Any CPU
		{70720D2B-35CA-40C6-9F85-3195090B01FB}.Release|Any CPU.ActiveCfg = Release|Any CPU
		{70720D2B-35CA-40C6-9F85-3195090B01FB}.Release|Any CPU.Build.0 = Release|Any CPU
	EndGlobalSection
	GlobalSection(SolutionProperties) = preSolution
		HideSolutionNode = FALSE
	EndGlobalSection
	GlobalSection(ExtensibilityGlobals) = postSolution
		SolutionGuid = {816643F8-0E8C-4DC6-A8DD-3BBC5395E904}
	EndGlobalSection
EndGlobal
